{
  "name": "@openmfp/webcomponents",
  "version": "0.1.0",
  "lockfileVersion": 3,
  "requires": true,
  "packages": {
    "": {
      "name": "@openmfp/webcomponents",
      "version": "0.1.0",
      "peerDependencies": {
        "@angular/common": "^21.2.0",
        "@angular/core": "^21.2.0",
        "@angular/elements": "^21.2.0",
        "@angular/forms": "^21.2.0",
        "@fundamental-ngx/ui5-webcomponents": "^0.61.0",
        "@fundamental-ngx/ui5-webcomponents-fiori": "^0.61.0",
        "jsonpath": "^1.1.1",
        "rxjs": "^7.8.0"
      }
    },
    "node_modules/@angular/animations": {
      "version": "21.2.6",
      "resolved": "https://registry.npmjs.org/@angular/animations/-/animations-21.2.6.tgz",
      "integrity": "sha512-SPzTOlkyVagPdb7OMe9hw3dnpMGq2p/nADatzNfRUMXwit8AU8VaiPIrFRsCD52sAL1zDDj60gKsk/dprzIyFA==",
      "license": "MIT",
      "peer": true,
      "dependencies": {
        "tslib": "^2.3.0"
      },
      "engines": {
        "node": "^20.19.0 || ^22.12.0 || >=24.0.0"
      },
      "peerDependencies": {
        "@angular/core": "21.2.6"
      }
    },
    "node_modules/@angular/cdk": {
      "version": "21.2.4",
      "resolved": "https://registry.npmjs.org/@angular/cdk/-/cdk-21.2.4.tgz",
      "integrity": "sha512-Zv+q9Z/wVWTt0ckuO3gnU7PbpCLTr1tKPEsofLGGzDufA5/85aBLn2UiLcjlY6wQ+V3EMqANhGo/8XJgvBEYFA==",
      "license": "MIT",
      "peer": true,
      "dependencies": {
        "parse5": "^8.0.0",
        "tslib": "^2.3.0"
      },
      "peerDependencies": {
        "@angular/common": "^21.0.0 || ^22.0.0",
        "@angular/core": "^21.0.0 || ^22.0.0",
        "@angular/platform-browser": "^21.0.0 || ^22.0.0",
        "rxjs": "^6.5.3 || ^7.4.0"
      }
    },
    "node_modules/@angular/common": {
      "version": "21.2.6",
      "resolved": "https://registry.npmjs.org/@angular/common/-/common-21.2.6.tgz",
      "integrity": "sha512-2FcpZ1h6AZ4JwCIlnpHCYrbRTGQTOj/RFXkuX/qw7K6cFmJGfWFMmr++xWtHZEvUddfbR9hqDo+v1mkqEKE/Kw==",
      "license": "MIT",
      "peer": true,
      "dependencies": {
        "tslib": "^2.3.0"
      },
      "engines": {
        "node": "^20.19.0 || ^22.12.0 || >=24.0.0"
      },
      "peerDependencies": {
        "@angular/core": "21.2.6",
        "rxjs": "^6.5.3 || ^7.4.0"
      }
    },
    "node_modules/@angular/core": {
      "version": "21.2.6",
      "resolved": "https://registry.npmjs.org/@angular/core/-/core-21.2.6.tgz",
      "integrity": "sha512-svgK5DhFlQlS+sMybXftn08rHHRiDGY/uIKT5LZUaKgyffnkPb8uClpMIW0NzANtU8qs8pwgDZFoJw85Ia3oqQ==",
      "license": "MIT",
      "peer": true,
      "dependencies": {
        "tslib": "^2.3.0"
      },
      "engines": {
        "node": "^20.19.0 || ^22.12.0 || >=24.0.0"
      },
      "peerDependencies": {
        "@angular/compiler": "21.2.6",
        "rxjs": "^6.5.3 || ^7.4.0",
        "zone.js": "~0.15.0 || ~0.16.0"
      },
      "peerDependenciesMeta": {
        "@angular/compiler": {
          "optional": true
        },
        "zone.js": {
          "optional": true
        }
      }
    },
    "node_modules/@angular/elements": {
      "version": "21.2.6",
      "resolved": "https://registry.npmjs.org/@angular/elements/-/elements-21.2.6.tgz",
      "integrity": "sha512-IBDg6Lnl/+tiRXIefDCkavWl7TrEg+y7ICESV5Wjm58UfiGw2S3TwJl8oyASYIb7APMyQQjclDyK4/k46AMTeg==",
      "license": "MIT",
      "peer": true,
      "dependencies": {
        "tslib": "^2.3.0"
      },
      "engines": {
        "node": "^20.19.0 || ^22.12.0 || >=24.0.0"
      },
      "peerDependencies": {
        "@angular/core": "21.2.6",
        "rxjs": "^6.5.3 || ^7.4.0"
      }
    },
    "node_modules/@angular/forms": {
      "version": "21.2.6",
      "resolved": "https://registry.npmjs.org/@angular/forms/-/forms-21.2.6.tgz",
      "integrity": "sha512-i8BoWxBAm0g2xOMcQ8wTdj07gqMPIFYIyefCOo0ezcGj5XhYjd+C2UrYnKsup0aMZqqEAO1l2aZbmfHx9xLheQ==",
      "license": "MIT",
      "peer": true,
      "dependencies": {
        "@standard-schema/spec": "^1.0.0",
        "tslib": "^2.3.0"
      },
      "engines": {
        "node": "^20.19.0 || ^22.12.0 || >=24.0.0"
      },
      "peerDependencies": {
        "@angular/common": "21.2.6",
        "@angular/core": "21.2.6",
        "@angular/platform-browser": "21.2.6",
        "rxjs": "^6.5.3 || ^7.4.0"
      }
    },
    "node_modules/@angular/platform-browser": {
      "version": "21.2.6",
      "resolved": "https://registry.npmjs.org/@angular/platform-browser/-/platform-browser-21.2.6.tgz",
      "integrity": "sha512-LW1vPXVHvy71LBahn+fSzPlWQl25kJIdcXq+ptG7HsMVgbPQ3/vvkKXAHYaRdppLGCFL+v+3dQGHYLNLiYL9qg==",
      "license": "MIT",
      "peer": true,
      "dependencies": {
        "tslib": "^2.3.0"
      },
      "engines": {
        "node": "^20.19.0 || ^22.12.0 || >=24.0.0"
      },
      "peerDependencies": {
        "@angular/animations": "21.2.6",
        "@angular/common": "21.2.6",
        "@angular/core": "21.2.6"
      },
      "peerDependenciesMeta": {
        "@angular/animations": {
          "optional": true
        }
      }
    },
    "node_modules/@angular/router": {
      "version": "21.2.6",
      "resolved": "https://registry.npmjs.org/@angular/router/-/router-21.2.6.tgz",
      "integrity": "sha512-0ajhkKYeOqHQEEH88+Q0HrheR3helwTvdTqD/0gTaapCe+HOoC+SYwmzzsYP2zwAxBNQEg4JHOGKQ30X9/gwgw==",
      "license": "MIT",
      "peer": true,
      "dependencies": {
        "tslib": "^2.3.0"
      },
      "engines": {
        "node": "^20.19.0 || ^22.12.0 || >=24.0.0"
      },
      "peerDependencies": {
        "@angular/common": "21.2.6",
        "@angular/core": "21.2.6",
        "@angular/platform-browser": "21.2.6",
        "rxjs": "^6.5.3 || ^7.4.0"
      }
    },
    "node_modules/@formatjs/ecma402-abstract": {
      "version": "2.3.6",
      "resolved": "https://registry.npmjs.org/@formatjs/ecma402-abstract/-/ecma402-abstract-2.3.6.tgz",
      "integrity": "sha512-HJnTFeRM2kVFVr5gr5kH1XP6K0JcJtE7Lzvtr3FS/so5f1kpsqqqxy5JF+FRaO6H2qmcMfAUIox7AJteieRtVw==",
      "license": "MIT",
      "dependencies": {
        "@formatjs/fast-memoize": "2.2.7",
        "@formatjs/intl-localematcher": "0.6.2",
        "decimal.js": "^10.4.3",
        "tslib": "^2.8.0"
      }
    },
    "node_modules/@formatjs/fast-memoize": {
      "version": "2.2.7",
      "resolved": "https://registry.npmjs.org/@formatjs/fast-memoize/-/fast-memoize-2.2.7.tgz",
      "integrity": "sha512-Yabmi9nSvyOMrlSeGGWDiH7rf3a7sIwplbvo/dlz9WCIjzIQAfy1RMf4S0X3yG724n5Ghu2GmEl5NJIV6O9sZQ==",
      "license": "MIT",
      "dependencies": {
        "tslib": "^2.8.0"
      }
    },
    "node_modules/@formatjs/icu-messageformat-parser": {
      "version": "2.11.4",
      "resolved": "https://registry.npmjs.org/@formatjs/icu-messageformat-parser/-/icu-messageformat-parser-2.11.4.tgz",
      "integrity": "sha512-7kR78cRrPNB4fjGFZg3Rmj5aah8rQj9KPzuLsmcSn4ipLXQvC04keycTI1F7kJYDwIXtT2+7IDEto842CfZBtw==",
      "license": "MIT",
      "dependencies": {
        "@formatjs/ecma402-abstract": "2.3.6",
        "@formatjs/icu-skeleton-parser": "1.8.16",
        "tslib": "^2.8.0"
      }
    },
    "node_modules/@formatjs/icu-skeleton-parser": {
      "version": "1.8.16",
      "resolved": "https://registry.npmjs.org/@formatjs/icu-skeleton-parser/-/icu-skeleton-parser-1.8.16.tgz",
      "integrity": "sha512-H13E9Xl+PxBd8D5/6TVUluSpxGNvFSlN/b3coUp0e0JpuWXXnQDiavIpY3NnvSp4xhEMoXyyBvVfdFX8jglOHQ==",
      "license": "MIT",
      "dependencies": {
        "@formatjs/ecma402-abstract": "2.3.6",
        "tslib": "^2.8.0"
      }
    },
    "node_modules/@formatjs/intl-localematcher": {
      "version": "0.6.2",
      "resolved": "https://registry.npmjs.org/@formatjs/intl-localematcher/-/intl-localematcher-0.6.2.tgz",
      "integrity": "sha512-XOMO2Hupl0wdd172Y06h6kLpBz6Dv+J4okPLl4LPtzbr8f66WbIoy4ev98EBuZ6ZK4h5ydTN6XneT4QVpD7cdA==",
      "license": "MIT",
      "dependencies": {
        "tslib": "^2.8.0"
      }
    },
    "node_modules/@fundamental-ngx/cdk": {
      "version": "0.61.1",
      "resolved": "https://registry.npmjs.org/@fundamental-ngx/cdk/-/cdk-0.61.1.tgz",
      "integrity": "sha512-o3/Q8tuUwe8IJXHDHhazwrroKEreSuK9ZkZXT8PnxWgC49bMk7vkhqaMbdPsWp0d+Lf4sNCQrmPiYNpY/9ubWQ==",
      "license": "Apache-2.0",
      "peer": true,
      "dependencies": {
        "@fundamental-styles/cx": "0.40.1",
        "@sap-theming/theming-base-content": "^11.32.0",
        "compare-versions": "^6.1.0",
        "fast-equals": "^6.0.0",
        "focus-trap": "^7.1.0",
        "fundamental-styles": "0.40.1",
        "lodash-es": "^4.17.0",
        "tslib": "^2.0.0"
      },
      "peerDependencies": {
        "@angular/animations": "^21.0.0",
        "@angular/cdk": "^21.0.0",
        "@angular/common": "^21.0.0",
        "@angular/core": "^21.0.0",
        "@angular/forms": "^21.0.0",
        "@angular/platform-browser": "^21.0.0",
        "@angular/router": "^21.0.0",
        "rxjs": "^7.8.0"
      }
    },
    "node_modules/@fundamental-ngx/core": {
      "version": "0.61.1",
      "resolved": "https://registry.npmjs.org/@fundamental-ngx/core/-/core-0.61.1.tgz",
      "integrity": "sha512-e1YiMoJhVFt+GbCfv89vXhXxkGYSprwOSrq62Fco8x9hvKwh7oRCL1TLByTK76QJsg+qCDKJA66W/0Ex8Ordow==",
      "license": "Apache-2.0",
      "peer": true,
      "dependencies": {
        "compare-versions": "^6.1.0",
        "fast-equals": "^6.0.0",
        "focus-trap": "^7.1.0",
        "lodash-es": "^4.17.0",
        "tslib": "^2.0.0"
      },
      "peerDependencies": {
        "@angular/animations": "^21.0.0",
        "@angular/cdk": "^21.0.0",
        "@angular/common": "^21.0.0",
        "@angular/core": "^21.0.0",
        "@angular/forms": "^21.0.0",
        "@angular/platform-browser": "^21.0.0",
        "@angular/router": "^21.0.0",
        "@fundamental-ngx/cdk": "0.61.1",
        "@fundamental-ngx/i18n": "0.61.1",
        "@sap-theming/theming-base-content": "^11.32.0",
        "fundamental-styles": "0.40.1",
        "rxjs": "^7.8.0"
      }
    },
    "node_modules/@fundamental-ngx/i18n": {
      "version": "0.61.1",
      "resolved": "https://registry.npmjs.org/@fundamental-ngx/i18n/-/i18n-0.61.1.tgz",
      "integrity": "sha512-dwWewSbYtW/FyqG15r1zhL1V6sE7g6mp8292+AwbfOxFP8xppGKZ25PYP4qqSclgKWkvodBXOPaszfOEZs/vUg==",
      "license": "Apache-2.0",
      "peer": true,
      "dependencies": {
        "fast-equals": "^6.0.0",
        "intl-messageformat": "^10.5.0",
        "lodash-es": "^4.17.0",
        "tslib": "^2.3.0"
      },
      "peerDependencies": {
        "@angular/common": "^21.0.0",
        "@angular/core": "^21.0.0",
        "@fundamental-ngx/cdk": "0.61.1",
        "rxjs": "^7.8.0"
      }
    },
    "node_modules/@fundamental-ngx/ui5-webcomponents": {
      "version": "0.61.1",
      "resolved": "https://registry.npmjs.org/@fundamental-ngx/ui5-webcomponents/-/ui5-webcomponents-0.61.1.tgz",
      "integrity": "sha512-5Z1Ugfp93PwOF/8bxTdWMjd5RtBvPqirQ6yUrThtMH/BSkJLHSmGUPjaGm64G9GIpgN6H7a/q2LbmAW9/YPFDw==",
      "license": "Apache-2.0",
      "peer": true,
      "dependencies": {
        "@fundamental-ngx/ui5-webcomponents-base": "0.61.1",
        "@sap-theming/theming-base-content": "^11.32.0",
        "compare-versions": "^6.1.0",
        "fast-equals": "^6.0.0",
        "lodash-es": "^4.17.0",
        "tslib": "^2.0.0"
      },
      "peerDependencies": {
        "@angular/animations": "^21.0.0",
        "@angular/cdk": "^21.0.0",
        "@angular/common": "^21.0.0",
        "@angular/core": "^21.0.0",
        "@angular/forms": "^21.0.0",
        "@angular/platform-browser": "^21.0.0",
        "@angular/router": "^21.0.0",
        "@fundamental-ngx/core": "0.61.1",
        "@ui5/webcomponents": "^2.20.0",
        "fundamental-styles": "0.40.1",
        "rxjs": "^7.8.0"
      }
    },
    "node_modules/@fundamental-ngx/ui5-webcomponents-base": {
      "version": "0.61.1",
      "resolved": "https://registry.npmjs.org/@fundamental-ngx/ui5-webcomponents-base/-/ui5-webcomponents-base-0.61.1.tgz",
      "integrity": "sha512-DRerAVxTPkoh/vnklegRC6cc2RKxR3+yaGGqakX6ZTrZNZz5AdSe3BapNxKQRBrqmchVjk8jPgRC+flKKf/Xpg==",
      "license": "Apache-2.0",
      "dependencies": {
        "compare-versions": "^6.1.0",
        "fast-equals": "^6.0.0",
        "lodash-es": "^4.17.0",
        "tslib": "^2.0.0"
      },
      "peerDependencies": {
        "@angular/animations": "^21.0.0",
        "@angular/cdk": "^21.0.0",
        "@angular/common": "^21.0.0",
        "@angular/core": "^21.0.0",
        "@angular/forms": "^21.0.0",
        "@angular/platform-browser": "^21.0.0",
        "@angular/router": "^21.0.0",
        "@ui5/webcomponents-base": "^2.20.0",
        "fundamental-styles": "0.40.1",
        "rxjs": "^7.8.0"
      }
    },
    "node_modules/@fundamental-ngx/ui5-webcomponents-fiori": {
      "version": "0.61.1",
      "resolved": "https://registry.npmjs.org/@fundamental-ngx/ui5-webcomponents-fiori/-/ui5-webcomponents-fiori-0.61.1.tgz",
      "integrity": "sha512-juURNb+b3wLOzMKclKQTF2sz5B7b09VaAF20DJjrI7Y38coCW6PEKZ0/TuEdMc8TKT/c5VMmCmDDwLpYNOwTOQ==",
      "license": "Apache-2.0",
      "peer": true,
      "dependencies": {
        "@fundamental-ngx/ui5-webcomponents-base": "0.61.1",
        "@sap-theming/theming-base-content": "^11.32.0",
        "compare-versions": "^6.1.0",
        "fast-equals": "^6.0.0",
        "lodash-es": "^4.17.0",
        "tslib": "^2.0.0"
      },
      "peerDependencies": {
        "@angular/animations": "^21.0.0",
        "@angular/cdk": "^21.0.0",
        "@angular/common": "^21.0.0",
        "@angular/core": "^21.0.0",
        "@angular/forms": "^21.0.0",
        "@angular/platform-browser": "^21.0.0",
        "@angular/router": "^21.0.0",
        "@fundamental-ngx/core": "0.61.1",
        "@fundamental-ngx/ui5-webcomponents": "0.61.1",
        "@ui5/webcomponents-fiori": "^2.20.0",
        "fundamental-styles": "0.40.1",
        "rxjs": "^7.8.0"
      }
    },
    "node_modules/@fundamental-styles/cx": {
      "version": "0.40.1",
      "resolved": "https://registry.npmjs.org/@fundamental-styles/cx/-/cx-0.40.1.tgz",
      "integrity": "sha512-SehufusY/KNmGJkNdCuCsU1g3wCNt3rktFJR37qSUEfYr64tAvME1ymrt6HunCPf12WyVMBECuP54mbru3Xz5A==",
      "license": "Apache-2.0"
    },
    "node_modules/@lit-labs/ssr-dom-shim": {
      "version": "1.5.1",
      "resolved": "https://registry.npmjs.org/@lit-labs/ssr-dom-shim/-/ssr-dom-shim-1.5.1.tgz",
      "integrity": "sha512-Aou5UdlSpr5whQe8AA/bZG0jMj96CoJIWbGfZ91qieWu5AWUMKw8VR/pAkQkJYvBNhmCcWnZlyyk5oze8JIqYA==",
      "license": "BSD-3-Clause"
    },
    "node_modules/@sap-theming/theming-base-content": {
      "version": "11.34.1",
      "resolved": "https://registry.npmjs.org/@sap-theming/theming-base-content/-/theming-base-content-11.34.1.tgz",
      "integrity": "sha512-6gTbnlauY/Gt8ZvovO3hRjdxnm0GoLJ7EahpWZ9DF7FbwQL/aDMYuII9qRaKvi44hDCyI5J2JkxiL304hh9HwA==",
      "license": "Apache-2.0",
      "peer": true
    },
    "node_modules/@sap-ui/common-css": {
      "version": "0.40.1",
      "resolved": "https://registry.npmjs.org/@sap-ui/common-css/-/common-css-0.40.1.tgz",
      "integrity": "sha512-pd2FyCWZnMzQGYulo7B0lOT3SZrQf4LofM1PLyYqMOSkzg2UgXEAijo05AJHVeizmyKwCnuQG2sGKiGcH0VG0Q==",
      "deprecated": "This package has been renamed to @fundamental-styles/common-css. Please use @fundamental-styles/common-css instead.",
      "license": "Apache-2.0",
      "peer": true,
      "dependencies": {
        "@sap-theming/theming-base-content": "^11.29.0"
      }
    },
    "node_modules/@standard-schema/spec": {
      "version": "1.1.0",
      "resolved": "https://registry.npmjs.org/@standard-schema/spec/-/spec-1.1.0.tgz",
      "integrity": "sha512-l2aFy5jALhniG5HgqrD6jXLi/rUWrKvqN/qJx6yoJsgKhblVd+iqqU4RCXavm/jPityDo5TCvKMnpjKnOriy0w==",
      "license": "MIT"
    },
    "node_modules/@types/jquery": {
      "version": "3.5.34",
      "resolved": "https://registry.npmjs.org/@types/jquery/-/jquery-3.5.34.tgz",
      "integrity": "sha512-3m3939S3erqmTLJANS/uy0B6V7BorKx7RorcGZVjZ62dF5PAGbKEDZK1CuLtKombJkFA2T1jl8LAIIs7IV6gBQ==",
      "license": "MIT",
      "dependencies": {
        "@types/sizzle": "*"
      }
    },
    "node_modules/@types/openui5": {
      "version": "1.145.0",
      "resolved": "https://registry.npmjs.org/@types/openui5/-/openui5-1.145.0.tgz",
      "integrity": "sha512-SYE0fL5KWKmzmAS0HA8CFZ31fFgWpwqCOS2AtayZou1N/5bCtPfxq9csCm2oPLvv4rl9b0FfBLyJjZ6wzG7AXw==",
      "license": "MIT",
      "dependencies": {
        "@types/jquery": "~3.5.13",
        "@types/qunit": "^2.5.4"
      }
    },
    "node_modules/@types/qunit": {
      "version": "2.19.13",
      "resolved": "https://registry.npmjs.org/@types/qunit/-/qunit-2.19.13.tgz",
      "integrity": "sha512-N4xp3v4s7f0jb2Oij6+6xw5QhH7/IgHCoGIFLCWtbEWoPkGYp8Te4mIwIP21qaurr6ed5JiPMiy2/ZoiGPkLIw==",
      "license": "MIT"
    },
    "node_modules/@types/sizzle": {
      "version": "2.3.10",
      "resolved": "https://registry.npmjs.org/@types/sizzle/-/sizzle-2.3.10.tgz",
      "integrity": "sha512-TC0dmN0K8YcWEAEfiPi5gJP14eJe30TTGjkvek3iM/1NdHHsdCA/Td6GvNndMOo/iSnIsZ4HuuhrYPDAmbxzww==",
      "license": "MIT"
    },
    "node_modules/@types/trusted-types": {
      "version": "2.0.7",
      "resolved": "https://registry.npmjs.org/@types/trusted-types/-/trusted-types-2.0.7.tgz",
      "integrity": "sha512-ScaPdn1dQczgbl0QFTeTOmVHFULt394XJgOQNoyVhZ6r2vLnMLJfBPd53SB52T/3G36VI1/g2MZaX0cwDuXsfw==",
      "license": "MIT"
    },
    "node_modules/@ui5/webcomponents": {
      "version": "2.20.2",
      "resolved": "https://registry.npmjs.org/@ui5/webcomponents/-/webcomponents-2.20.2.tgz",
      "integrity": "sha512-Ut5lzKApoHG3daAHC9QigZ9jHA93vNY5FS/NWcYU+AWDfwHhk8OpRB/78/qDA4vmU5k2U8a0wMHAItsSvAXq6g==",
      "license": "Apache-2.0",
      "peer": true,
      "dependencies": {
        "@ui5/webcomponents-base": "2.20.2",
        "@ui5/webcomponents-icons": "2.20.2",
        "@ui5/webcomponents-icons-business-suite": "2.20.2",
        "@ui5/webcomponents-icons-tnt": "2.20.2",
        "@ui5/webcomponents-localization": "2.20.2",
        "@ui5/webcomponents-theming": "2.20.2"
      }
    },
    "node_modules/@ui5/webcomponents-base": {
      "version": "2.20.2",
      "resolved": "https://registry.npmjs.org/@ui5/webcomponents-base/-/webcomponents-base-2.20.2.tgz",
      "integrity": "sha512-Q5yLz+wU5U+9HKKbsdcU2tPLsb5Z9JG3aVXckhmTAJEEPR+IjT4qhYRpBRE924N+OtpkHwDrW3VJbEa6Batdwg==",
      "license": "Apache-2.0",
      "peer": true,
      "dependencies": {
        "@lit-labs/ssr-dom-shim": "^1.1.2",
        "lit-html": "^2.0.1"
      },
      "peerDependencies": {
        "react": ">=18"
      },
      "peerDependenciesMeta": {
        "react": {
          "optional": true
        }
      }
    },
    "node_modules/@ui5/webcomponents-fiori": {
      "version": "2.20.2",
      "resolved": "https://registry.npmjs.org/@ui5/webcomponents-fiori/-/webcomponents-fiori-2.20.2.tgz",
      "integrity": "sha512-cP2Cgxy6q5RViqwVhnSP4IfDRVXI1VQ1v8EJ9cE7177Fy2f1HJgg26MorGX2O8sBUnm+z47/9xgqJPuJp4jJXg==",
      "license": "Apache-2.0",
      "peer": true,
      "dependencies": {
        "@ui5/webcomponents": "2.20.2",
        "@ui5/webcomponents-base": "2.20.2",
        "@ui5/webcomponents-icons": "2.20.2",
        "@ui5/webcomponents-theming": "2.20.2",
        "@zxing/library": "^0.21.3"
      }
    },
    "node_modules/@ui5/webcomponents-icons": {
      "version": "2.20.2",
      "resolved": "https://registry.npmjs.org/@ui5/webcomponents-icons/-/webcomponents-icons-2.20.2.tgz",
      "integrity": "sha512-oWRpD17SRQz9LIRIyrnZOPb7xPc1rfVsM+OJMWCQBdgOw8cmxYY7WQ2SOuH255dwFN6X3M1HYvioghlsj14S7w==",
      "license": "Apache-2.0",
      "dependencies": {
        "@ui5/webcomponents-base": "2.20.2"
      }
    },
    "node_modules/@ui5/webcomponents-icons-business-suite": {
      "version": "2.20.2",
      "resolved": "https://registry.npmjs.org/@ui5/webcomponents-icons-business-suite/-/webcomponents-icons-business-suite-2.20.2.tgz",
      "integrity": "sha512-WJi+GHoaVVqYytQ5Mxi4KpDkLYAx6j59M3ZE6ZIw6QB9vmgzrT/HKYgoHHRUEHCEm77lUCaLJ2VI5dsH+HT+Nw==",
      "license": "Apache-2.0",
      "dependencies": {
        "@ui5/webcomponents-base": "2.20.2"
      }
    },
    "node_modules/@ui5/webcomponents-icons-tnt": {
      "version": "2.20.2",
      "resolved": "https://registry.npmjs.org/@ui5/webcomponents-icons-tnt/-/webcomponents-icons-tnt-2.20.2.tgz",
      "integrity": "sha512-2xOf9GO/9OFWRlms4EC+9aqWlkmsQsInyn093lpNVBHheNkEhwg/SDIbTUT5adq6IYCJy96c7JaTJi43YoT+Cw==",
      "license": "Apache-2.0",
      "dependencies": {
        "@ui5/webcomponents-base": "2.20.2"
      }
    },
    "node_modules/@ui5/webcomponents-localization": {
      "version": "2.20.2",
      "resolved": "https://registry.npmjs.org/@ui5/webcomponents-localization/-/webcomponents-localization-2.20.2.tgz",
      "integrity": "sha512-34jL+tEtvSUUzh3JcqCFC2KdXKZ3HZkUJGzFluo7QvLzoy23A7ZUi41eyyZYs2XLKcqoU9LU3IgEQAaZonuz6Q==",
      "license": "Apache-2.0",
      "dependencies": {
        "@types/openui5": "^1.113.0",
        "@ui5/webcomponents-base": "2.20.2"
      }
    },
    "node_modules/@ui5/webcomponents-theming": {
      "version": "2.20.2",
      "resolved": "https://registry.npmjs.org/@ui5/webcomponents-theming/-/webcomponents-theming-2.20.2.tgz",
      "integrity": "sha512-hVxT6WdNX9mzi3deyiwk67j+hiCTm9xqFUZqD/8R5Nwyka7guEggaEsjtyghNJ/F9t2bpBknOw5ao5XdeXUaaA==",
      "license": "Apache-2.0",
      "dependencies": {
        "@sap-theming/theming-base-content": "11.33.0",
        "@ui5/webcomponents-base": "2.20.2"
      }
    },
    "node_modules/@ui5/webcomponents-theming/node_modules/@sap-theming/theming-base-content": {
      "version": "11.33.0",
      "resolved": "https://registry.npmjs.org/@sap-theming/theming-base-content/-/theming-base-content-11.33.0.tgz",
      "integrity": "sha512-dBzkXs289Mq7vn9TGbiYldjKQPnxFzsRyAtBUoPLP0rmWFjbYh5F9o//qm38g7DHFAC3uzrT4gKGDNAewVRpwg==",
      "license": "Apache-2.0"
    },
    "node_modules/@zxing/library": {
      "version": "0.21.3",
      "resolved": "https://registry.npmjs.org/@zxing/library/-/library-0.21.3.tgz",
      "integrity": "sha512-hZHqFe2JyH/ZxviJZosZjV+2s6EDSY0O24R+FQmlWZBZXP9IqMo7S3nb3+2LBWxodJQkSurdQGnqE7KXqrYgow==",
      "license": "MIT",
      "dependencies": {
        "ts-custom-error": "^3.2.1"
      },
      "engines": {
        "node": ">= 10.4.0"
      },
      "optionalDependencies": {
        "@zxing/text-encoding": "~0.9.0"
      }
    },
    "node_modules/@zxing/text-encoding": {
      "version": "0.9.0",
      "resolved": "https://registry.npmjs.org/@zxing/text-encoding/-/text-encoding-0.9.0.tgz",
      "integrity": "sha512-U/4aVJ2mxI0aDNI8Uq0wEhMgY+u4CNtEb0om3+y3+niDAsoTCOB33UF0sxpzqzdqXLqmvc+vZyAt4O8pPdfkwA==",
      "license": "(Unlicense OR Apache-2.0)",
      "optional": true
    },
    "node_modules/compare-versions": {
      "version": "6.1.1",
      "resolved": "https://registry.npmjs.org/compare-versions/-/compare-versions-6.1.1.tgz",
      "integrity": "sha512-4hm4VPpIecmlg59CHXnRDnqGplJFrbLG4aFEl5vl6cK1u76ws3LLvX7ikFnTDl5vo39sjWD6AaDPYodJp/NNHg==",
      "license": "MIT"
    },
    "node_modules/decimal.js": {
      "version": "10.6.0",
      "resolved": "https://registry.npmjs.org/decimal.js/-/decimal.js-10.6.0.tgz",
      "integrity": "sha512-YpgQiITW3JXGntzdUmyUR1V812Hn8T1YVXhCu+wO3OpS4eU9l4YdD3qjyiKdV6mvV29zapkMeD390UVEf2lkUg==",
      "license": "MIT"
    },
    "node_modules/entities": {
      "version": "6.0.1",
      "resolved": "https://registry.npmjs.org/entities/-/entities-6.0.1.tgz",
      "integrity": "sha512-aN97NXWF6AWBTahfVOIrB/NShkzi5H7F9r1s9mD3cDj4Ko5f2qhhVoYMibXF7GlLveb/D2ioWay8lxI97Ven3g==",
      "license": "BSD-2-Clause",
      "engines": {
        "node": ">=0.12"
      },
      "funding": {
        "url": "https://github.com/fb55/entities?sponsor=1"
      }
    },
    "node_modules/escodegen": {
      "version": "2.1.0",
      "resolved": "https://registry.npmjs.org/escodegen/-/escodegen-2.1.0.tgz",
      "integrity": "sha512-2NlIDTwUWJN0mRPQOdtQBzbUHvdGY2P1VXSyU83Q3xKxM7WHX2Ql8dKq782Q9TgQUNOLEzEYu9bzLNj1q88I5w==",
      "license": "BSD-2-Clause",
      "dependencies": {
        "esprima": "^4.0.1",
        "estraverse": "^5.2.0",
        "esutils": "^2.0.2"
      },
      "bin": {
        "escodegen": "bin/escodegen.js",
        "esgenerate": "bin/esgenerate.js"
      },
      "engines": {
        "node": ">=6.0"
      },
      "optionalDependencies": {
        "source-map": "~0.6.1"
      }
    },
    "node_modules/escodegen/node_modules/esprima": {
      "version": "4.0.1",
      "resolved": "https://registry.npmjs.org/esprima/-/esprima-4.0.1.tgz",
      "integrity": "sha512-eGuFFw7Upda+g4p+QHvnW0RyTX/SVeJBDM/gCtMARO0cLuT2HcEKnTPvhjV6aGeqrCB/sbNop0Kszm0jsaWU4A==",
      "license": "BSD-2-Clause",
      "bin": {
        "esparse": "bin/esparse.js",
        "esvalidate": "bin/esvalidate.js"
      },
      "engines": {
        "node": ">=4"
      }
    },
    "node_modules/esprima": {
      "version": "1.2.5",
      "resolved": "https://registry.npmjs.org/esprima/-/esprima-1.2.5.tgz",
      "integrity": "sha512-S9VbPDU0adFErpDai3qDkjq8+G05ONtKzcyNrPKg/ZKa+tf879nX2KexNU95b31UoTJjRLInNBHHHjFPoCd7lQ==",
      "bin": {
        "esparse": "bin/esparse.js",
        "esvalidate": "bin/esvalidate.js"
      },
      "engines": {
        "node": ">=0.4.0"
      }
    },
    "node_modules/estraverse": {
      "version": "5.3.0",
      "resolved": "https://registry.npmjs.org/estraverse/-/estraverse-5.3.0.tgz",
      "integrity": "sha512-MMdARuVEQziNTeJD8DgMqmhwR11BRQ/cBP+pLtYdSTnf3MIO8fFeiINEbX36ZdNlfU/7A9f3gUw49B3oQsvwBA==",
      "license": "BSD-2-Clause",
      "engines": {
        "node": ">=4.0"
      }
    },
    "node_modules/esutils": {
      "version": "2.0.3",
      "resolved": "https://registry.npmjs.org/esutils/-/esutils-2.0.3.tgz",
      "integrity": "sha512-kVscqXk4OCp68SZ0dkgEKVi6/8ij300KBWTJq32P/dYeWTSwK41WyTxalN1eRmA5Z9UU/LX9D7FWSmV9SAYx6g==",
      "license": "BSD-2-Clause",
      "engines": {
        "node": ">=0.10.0"
      }
    },
    "node_modules/fast-equals": {
      "version": "6.0.0",
      "resolved": "https://registry.npmjs.org/fast-equals/-/fast-equals-6.0.0.tgz",
      "integrity": "sha512-PFhhIGgdM79r5Uztdj9Zb6Tt1zKafqVfdMGwVca1z5z6fbX7DmsySSuJd8HiP6I1j505DCS83cLxo5rmSNeVEA==",
      "license": "MIT",
      "engines": {
        "node": ">=6.0.0"
      }
    },
    "node_modules/focus-trap": {
      "version": "7.8.0",
      "resolved": "https://registry.npmjs.org/focus-trap/-/focus-trap-7.8.0.tgz",
      "integrity": "sha512-/yNdlIkpWbM0ptxno3ONTuf+2g318kh2ez3KSeZN5dZ8YC6AAmgeWz+GasYYiBJPFaYcSAPeu4GfhUaChzIJXA==",
      "license": "MIT",
      "dependencies": {
        "tabbable": "^6.4.0"
      }
    },
    "node_modules/fundamental-styles": {
      "version": "0.40.1",
      "resolved": "https://registry.npmjs.org/fundamental-styles/-/fundamental-styles-0.40.1.tgz",
      "integrity": "sha512-YaQn9Y7h/hVVN/j+z+SvpAE9q85o4i5/IMhZ3mRIl0DHZZcUH81SiMDVz0D4FgfOB3qNclQjwdCZYdhZmdyTZg==",
      "license": "Apache-2.0",
      "peer": true,
      "peerDependencies": {
        "@sap-theming/theming-base-content": "^11.29.0",
        "@sap-ui/common-css": "0.40.1"
      }
    },
    "node_modules/intl-messageformat": {
      "version": "10.7.18",
      "resolved": "https://registry.npmjs.org/intl-messageformat/-/intl-messageformat-10.7.18.tgz",
      "integrity": "sha512-m3Ofv/X/tV8Y3tHXLohcuVuhWKo7BBq62cqY15etqmLxg2DZ34AGGgQDeR+SCta2+zICb1NX83af0GJmbQ1++g==",
      "license": "BSD-3-Clause",
      "dependencies": {
        "@formatjs/ecma402-abstract": "2.3.6",
        "@formatjs/fast-memoize": "2.2.7",
        "@formatjs/icu-messageformat-parser": "2.11.4",
        "tslib": "^2.8.0"
      }
    },
    "node_modules/jsonpath": {
      "version": "1.3.0",
      "resolved": "https://registry.npmjs.org/jsonpath/-/jsonpath-1.3.0.tgz",
      "integrity": "sha512-0kjkYHJBkAy50Z5QzArZ7udmvxrJzkpKYW27fiF//BrMY7TQibYLl+FYIXN2BiYmwMIVzSfD8aDRj6IzgBX2/w==",
      "license": "MIT",
      "peer": true,
      "dependencies": {
        "esprima": "1.2.5",
        "static-eval": "2.1.1",
        "underscore": "1.13.6"
      }
    },
    "node_modules/lit-html": {
      "version": "2.8.0",
      "resolved": "https://registry.npmjs.org/lit-html/-/lit-html-2.8.0.tgz",
      "integrity": "sha512-o9t+MQM3P4y7M7yNzqAyjp7z+mQGa4NS4CxiyLqFPyFWyc4O+nodLrkrxSaCTrla6M5YOLaT3RpbbqjszB5g3Q==",
      "license": "BSD-3-Clause",
      "dependencies": {
        "@types/trusted-types": "^2.0.2"
      }
    },
    "node_modules/lodash-es": {
      "version": "4.17.23",
      "resolved": "https://registry.npmjs.org/lodash-es/-/lodash-es-4.17.23.tgz",
      "integrity": "sha512-kVI48u3PZr38HdYz98UmfPnXl2DXrpdctLrFLCd3kOx1xUkOmpFPx7gCWWM5MPkL/fD8zb+Ph0QzjGFs4+hHWg==",
      "license": "MIT"
    },
    "node_modules/parse5": {
      "version": "8.0.0",
      "resolved": "https://registry.npmjs.org/parse5/-/parse5-8.0.0.tgz",
      "integrity": "sha512-9m4m5GSgXjL4AjumKzq1Fgfp3Z8rsvjRNbnkVwfu2ImRqE5D0LnY2QfDen18FSY9C573YU5XxSapdHZTZ2WolA==",
      "license": "MIT",
      "dependencies": {
        "entities": "^6.0.0"
      },
      "funding": {
        "url": "https://github.com/inikulin/parse5?sponsor=1"
      }
    },
    "node_modules/rxjs": {
      "version": "7.8.2",
      "resolved": "https://registry.npmjs.org/rxjs/-/rxjs-7.8.2.tgz",
      "integrity": "sha512-dhKf903U/PQZY6boNNtAGdWbG85WAbjT/1xYoZIC7FAY0yWapOBQVsVrDl58W86//e1VpMNBtRV4MaXfdMySFA==",
      "license": "Apache-2.0",
      "peer": true,
      "dependencies": {
        "tslib": "^2.1.0"
      }
    },
    "node_modules/source-map": {
      "version": "0.6.1",
      "resolved": "https://registry.npmjs.org/source-map/-/source-map-0.6.1.tgz",
      "integrity": "sha512-UjgapumWlbMhkBgzT7Ykc5YXUT46F0iKu8SGXq0bcwP5dz/h0Plj6enJqjz1Zbq2l5WaqYnrVbwWOWMyF3F47g==",
      "license": "BSD-3-Clause",
      "optional": true,
      "engines": {
        "node": ">=0.10.0"
      }
    },
    "node_modules/static-eval": {
      "version": "2.1.1",
      "resolved": "https://registry.npmjs.org/static-eval/-/static-eval-2.1.1.tgz",
      "integrity": "sha512-MgWpQ/ZjGieSVB3eOJVs4OA2LT/q1vx98KPCTTQPzq/aLr0YUXTsgryTXr4SLfR0ZfUUCiedM9n/ABeDIyy4mA==",
      "license": "MIT",
      "dependencies": {
        "escodegen": "^2.1.0"
      }
    },
    "node_modules/tabbable": {
      "version": "6.4.0",
      "resolved": "https://registry.npmjs.org/tabbable/-/tabbable-6.4.0.tgz",
      "integrity": "sha512-05PUHKSNE8ou2dwIxTngl4EzcnsCDZGJ/iCLtDflR/SHB/ny14rXc+qU5P4mG9JkusiV7EivzY9Mhm55AzAvCg==",
      "license": "MIT"
    },
    "node_modules/ts-custom-error": {
      "version": "3.3.1",
      "resolved": "https://registry.npmjs.org/ts-custom-error/-/ts-custom-error-3.3.1.tgz",
      "integrity": "sha512-5OX1tzOjxWEgsr/YEUWSuPrQ00deKLh6D7OTWcvNHm12/7QPyRh8SYpyWvA4IZv8H/+GQWQEh/kwo95Q9OVW1A==",
      "license": "MIT",
      "engines": {
        "node": ">=14.0.0"
      }
    },
    "node_modules/tslib": {
      "version": "2.8.1",
      "resolved": "https://registry.npmjs.org/tslib/-/tslib-2.8.1.tgz",
      "integrity": "sha512-oJFu94HQb+KVduSUQL7wnpmqnfmLsOA/nAh6b6EH0wCEoK0/mPeXU6c3wKDV83MkOuHPRHtSXKKU99IBazS/2w==",
      "license": "0BSD"
    },
    "node_modules/underscore": {
      "version": "1.13.6",
      "resolved": "https://registry.npmjs.org/underscore/-/underscore-1.13.6.tgz",
      "integrity": "sha512-+A5Sja4HP1M08MaXya7p5LvjuM7K6q/2EaC0+iovj/wOcMsTzMvDFbasi/oSapiwOlt252IqsKqPjCl7huKS0A==",
      "license": "MIT"
    }
  }
}
